// !$*UTF8*$!
{
	archiveVersion = 1;
	classes = {
	};
	objectVersion = 55;
	objects = {

/* Begin PBXBuildFile section */
		B62BB52E2714C698006030DA /* BucketListViewController.swift in Sources */ = {isa = PBXBuildFile; fileRef = B62BB52D2714C698006030DA /* BucketListViewController.swift */; };
		B62BB5302714CCF6006030DA /* AddItemTableViewController.swift in Sources */ = {isa = PBXBuildFile; fileRef = B62BB52F2714CCF6006030DA /* AddItemTableViewController.swift */; };
		B62BB5382714EB4D006030DA /* AddItemTableViewControllerDelegate.swift in Sources */ = {isa = PBXBuildFile; fileRef = B62BB5372714EB4D006030DA /* AddItemTableViewControllerDelegate.swift */; };
		B6AB7B94271420EA00354894 /* AppDelegate.swift in Sources */ = {isa = PBXBuildFile; fileRef = B6AB7B93271420EA00354894 /* AppDelegate.swift */; };
		B6AB7B96271420EA00354894 /* SceneDelegate.swift in Sources */ = {isa = PBXBuildFile; fileRef = B6AB7B95271420EA00354894 /* SceneDelegate.swift */; };
		B6AB7B9B271420EA00354894 /* Main.storyboard in Resources */ = {isa = PBXBuildFile; fileRef = B6AB7B99271420EA00354894 /* Main.storyboard */; };
		B6AB7B9D271420EC00354894 /* Assets.xcassets in Resources */ = {isa = PBXBuildFile; fileRef = B6AB7B9C271420EC00354894 /* Assets.xcassets */; };
		B6AB7BA0271420EC00354894 /* LaunchScreen.storyboard in Resources */ = {isa = PBXBuildFile; fileRef = B6AB7B9E271420EC00354894 /* LaunchScreen.storyboard */; };
		B6AB7BAB271420ED00354894 /* tryTests.swift in Sources */ = {isa = PBXBuildFile; fileRef = B6AB7BAA271420ED00354894 /* tryTests.swift */; };
		B6AB7BB5271420ED00354894 /* tryUITests.swift in Sources */ = {isa = PBXBuildFile; fileRef = B6AB7BB4271420ED00354894 /* tryUITests.swift */; };
		B6AB7BB7271420ED00354894 /* tryUITestsLaunchTests.swift in Sources */ = {isa = PBXBuildFile; fileRef = B6AB7BB6271420ED00354894 /* tryUITestsLaunchTests.swift */; };
		B6AB7BC527142A9900354894 /* BucketList.xcdatamodeld in Sources */ = {isa = PBXBuildFile; fileRef = B6AB7BC327142A9900354894 /* BucketList.xcdatamodeld */; };
/* End PBXBuildFile section */

/* Begin PBXContainerItemProxy section */
		B6AB7BA7271420ED00354894 /* PBXContainerItemProxy */ = {
			isa = PBXContainerItemProxy;
			containerPortal = B6AB7B88271420E900354894 /* Project object */;
			proxyType = 1;
			remoteGlobalIDString = B6AB7B8F271420E900354894;
			remoteInfo = try;
		};
		B6AB7BB1271420ED00354894 /* PBXContainerItemProxy */ = {
			isa = PBXContainerItemProxy;
			containerPortal = B6AB7B88271420E900354894 /* Project object */;
			proxyType = 1;
			remoteGlobalIDString = B6AB7B8F271420E900354894;
			remoteInfo = try;
		};
/* End PBXContainerItemProxy section */

/* Begin PBXFileReference section */
		B62BB52D2714C698006030DA /* BucketListViewController.swift */ = {isa = PBXFileReference; lastKnownFileType = sourcecode.swift; path = BucketListViewController.swift; sourceTree = "<group>"; };
		B62BB52F2714CCF6006030DA /* AddItemTableViewController.swift */ = {isa = PBXFileReference; lastKnownFileType = sourcecode.swift; path = AddItemTableViewController.swift; sourceTree = "<group>"; };
		B62BB5372714EB4D006030DA /* AddItemTableViewControllerDelegate.swift */ = {isa = PBXFileReference; lastKnownFileType = sourcecode.swift; path = AddItemTableViewControllerDelegate.swift; sourceTree = "<group>"; };
		B6AB7B90271420EA00354894 /* try.app */ = {isa = PBXFileReference; explicitFileType = wrapper.application; includeInIndex = 0; path = try.app; sourceTree = BUILT_PRODUCTS_DIR; };
		B6AB7B93271420EA00354894 /* AppDelegate.swift */ = {isa = PBXFileReference; lastKnownFileType = sourcecode.swift; path = AppDelegate.swift; sourceTree = "<group>"; };
		B6AB7B95271420EA00354894 /* SceneDelegate.swift */ = {isa = PBXFileReference; lastKnownFileType = sourcecode.swift; path = SceneDelegate.swift; sourceTree = "<group>"; };
		B6AB7B9A271420EA00354894 /* Base */ = {isa = PBXFileReference; lastKnownFileType = file.storyboard; name = Base; path = Base.lproj/Main.storyboard; sourceTree = "<group>"; };
		B6AB7B9C271420EC00354894 /* Assets.xcassets */ = {isa = PBXFileReference; lastKnownFileType = folder.assetcatalog; path = Assets.xcassets; sourceTree = "<group>"; };
		B6AB7B9F271420EC00354894 /* Base */ = {isa = PBXFileReference; lastKnownFileType = file.storyboard; name = Base; path = Base.lproj/LaunchScreen.storyboard; sourceTree = "<group>"; };
		B6AB7BA1271420EC00354894 /* Info.plist */ = {isa = PBXFileReference; lastKnownFileType = text.plist.xml; path = Info.plist; sourceTree = "<group>"; };
		B6AB7BA6271420ED00354894 /* tryTests.xctest */ = {isa = PBXFileReference; explicitFileType = wrapper.cfbundle; includeInIndex = 0; path = tryTests.xctest; sourceTree = BUILT_PRODUCTS_DIR; };
		B6AB7BAA271420ED00354894 /* tryTests.swift */ = {isa = PBXFileReference; lastKnownFileType = sourcecode.swift; path = tryTests.swift; sourceTree = "<group>"; };
		B6AB7BB0271420ED00354894 /* tryUITests.xctest */ = {isa = PBXFileReference; explicitFileType = wrapper.cfbundle; includeInIndex = 0; path = tryUITests.xctest; sourceTree = BUILT_PRODUCTS_DIR; };
		B6AB7BB4271420ED00354894 /* tryUITests.swift */ = {isa = PBXFileReference; lastKnownFileType = sourcecode.swift; path = tryUITests.swift; sourceTree = "<group>"; };
		B6AB7BB6271420ED00354894 /* tryUITestsLaunchTests.swift */ = {isa = PBXFileReference; lastKnownFileType = sourcecode.swift; path = tryUITestsLaunchTests.swift; sourceTree = "<group>"; };
		B6AB7BC427142A9900354894 /* BucketList.xcdatamodel */ = {isa = PBXFileReference; lastKnownFileType = wrapper.xcdatamodel; path = BucketList.xcdatamodel; sourceTree = "<group>"; };
/* End PBXFileReference section */

/* Begin PBXFrameworksBuildPhase section */
		B6AB7B8D271420E900354894 /* Frameworks */ = {
			isa = PBXFrameworksBuildPhase;
			buildActionMask = 2147483647;
			files = (
			);
			runOnlyForDeploymentPostprocessing = 0;
		};
		B6AB7BA3271420ED00354894 /* Frameworks */ = {
			isa = PBXFrameworksBuildPhase;
			buildActionMask = 2147483647;
			files = (
			);
			runOnlyForDeploymentPostprocessing = 0;
		};
		B6AB7BAD271420ED00354894 /* Frameworks */ = {
			isa = PBXFrameworksBuildPhase;
			buildActionMask = 2147483647;
			files = (
			);
			runOnlyForDeploymentPostprocessing = 0;
		};
/* End PBXFrameworksBuildPhase section */

/* Begin PBXGroup section */
		B6AB7B87271420E900354894 = {
			isa = PBXGroup;
			children = (
				B6AB7B92271420EA00354894 /* try */,
				B6AB7BA9271420ED00354894 /* tryTests */,
				B6AB7BB3271420ED00354894 /* tryUITests */,
				B6AB7B91271420EA00354894 /* Products */,
			);
			sourceTree = "<group>";
		};
		B6AB7B91271420EA00354894 /* Products */ = {
			isa = PBXGroup;
			children = (
				B6AB7B90271420EA00354894 /* try.app */,
				B6AB7BA6271420ED00354894 /* tryTests.xctest */,
				B6AB7BB0271420ED00354894 /* tryUITests.xctest */,
			);
			name = Products;
			sourceTree = "<group>";
		};
		B6AB7B92271420EA00354894 /* try */ = {
			isa = PBXGroup;
			children = (
				B6AB7B93271420EA00354894 /* AppDelegate.swift */,
				B6AB7BC327142A9900354894 /* BucketList.xcdatamodeld */,
				B6AB7B95271420EA00354894 /* SceneDelegate.swift */,
				B62BB52D2714C698006030DA /* BucketListViewController.swift */,
				B62BB52F2714CCF6006030DA /* AddItemTableViewController.swift */,
				B62BB5372714EB4D006030DA /* AddItemTableViewControllerDelegate.swift */,
				B6AB7B99271420EA00354894 /* Main.storyboard */,
				B6AB7B9C271420EC00354894 /* Assets.xcassets */,
				B6AB7B9E271420EC00354894 /* LaunchScreen.storyboard */,
				B6AB7BA1271420EC00354894 /* Info.plist */,
			);
			path = try;
			sourceTree = "<group>";
		};
		B6AB7BA9271420ED00354894 /* tryTests */ = {
			isa = PBXGroup;
			children = (
				B6AB7BAA271420ED00354894 /* tryTests.swift */,
			);
			path = tryTests;
			sourceTree = "<group>";
		};
		B6AB7BB3271420ED00354894 /* tryUITests */ = {
			isa = PBXGroup;
			children = (
				B6AB7BB4271420ED00354894 /* tryUITests.swift */,
				B6AB7BB6271420ED00354894 /* tryUITestsLaunchTests.swift */,
			);
			path = tryUITests;
			sourceTree = "<group>";
		};
/* End PBXGroup section */

/* Begin PBXNativeTarget section */
		B6AB7B8F271420E900354894 /* try */ = {
			isa = PBXNativeTarget;
			buildConfigurationList = B6AB7BBA271420ED00354894 /* Build configuration list for PBXNativeTarget "try" */;
			buildPhases = (
				B6AB7B8C271420E900354894 /* Sources */,
				B6AB7B8D271420E900354894 /* Frameworks */,
				B6AB7B8E271420E900354894 /* Resources */,
			);
			buildRules = (
			);
			dependencies = (
			);
			name = try;
			productName = try;
			productReference = B6AB7B90271420EA00354894 /* try.app */;
			productType = "com.apple.product-type.application";
		};
		B6AB7BA5271420ED00354894 /* tryTests */ = {
			isa = PBXNativeTarget;
			buildConfigurationList = B6AB7BBD271420ED00354894 /* Build configuration list for PBXNativeTarget "tryTests" */;
			buildPhases = (
				B6AB7BA2271420ED00354894 /* Sources */,
				B6AB7BA3271420ED00354894 /* Frameworks */,
				B6AB7BA4271420ED00354894 /* Resources */,
			);
			buildRules = (
			);
			dependencies = (
				B6AB7BA8271420ED00354894 /* PBXTargetDependency */,
			);
			name = tryTests;
			productName = tryTests;
			productReference = B6AB7BA6271420ED00354894 /* tryTests.xctest */;
			productType = "com.apple.product-type.bundle.unit-test";
		};
		B6AB7BAF271420ED00354894 /* tryUITests */ = {
			isa = PBXNativeTarget;
			buildConfigurationList = B6AB7BC0271420ED00354894 /* Build configuration list for PBXNativeTarget "tryUITests" */;
			buildPhases = (
				B6AB7BAC271420ED00354894 /* Sources */,
				B6AB7BAD271420ED00354894 /* Frameworks */,
				B6AB7BAE271420ED00354894 /* Resources */,
			);
			buildRules = (
			);
			dependencies = (
				B6AB7BB2271420ED00354894 /* PBXTargetDependency */,
			);
			name = tryUITests;
			productName = tryUITests;
			productReference = B6AB7BB0271420ED00354894 /* tryUITests.xctest */;
			productType = "com.apple.product-type.bundle.ui-testing";
		};
/* End PBXNativeTarget section */

/* Begin PBXProject section */
		B6AB7B88271420E900354894 /* Project object */ = {
			isa = PBXProject;
			attributes = {
				BuildIndependentTargetsInParallel = 1;
				LastSwiftUpdateCheck = 1300;
				LastUpgradeCheck = 1300;
				TargetAttributes = {
					B6AB7B8F271420E900354894 = {
						CreatedOnToolsVersion = 13.0;
					};
					B6AB7BA5271420ED00354894 = {
						CreatedOnToolsVersion = 13.0;
						TestTargetID = B6AB7B8F271420E900354894;
					};
					B6AB7BAF271420ED00354894 = {
						CreatedOnToolsVersion = 13.0;
						TestTargetID = B6AB7B8F271420E900354894;
					};
				};
			};
			buildConfigurationList = B6AB7B8B271420E900354894 /* Build configuration list for PBXProject "try" */;
			compatibilityVersion = "Xcode 13.0";
			developmentRegion = en;
			hasScannedForEncodings = 0;
			knownRegions = (
				en,
				Base,
			);
			mainGroup = B6AB7B87271420E900354894;
			productRefGroup = B6AB7B91271420EA00354894 /* Products */;
			projectDirPath = "";
			projectRoot = "";
			targets = (
				B6AB7B8F271420E900354894 /* try */,
				B6AB7BA5271420ED00354894 /* tryTests */,
				B6AB7BAF271420ED00354894 /* tryUITests */,
			);
		};
/* End PBXProject section */

/* Begin PBXResourcesBuildPhase section */
		B6AB7B8E271420E900354894 /* Resources */ = {
			isa = PBXResourcesBuildPhase;
			buildActionMask = 2147483647;
			files = (
				B6AB7BA0271420EC00354894 /* LaunchScreen.storyboard in Resources */,
				B6AB7B9D271420EC00354894 /* Assets.xcassets in Resources */,
				B6AB7B9B271420EA00354894 /* Main.storyboard in Resources */,
			);
			runOnlyForDeploymentPostprocessing = 0;
		};
		B6AB7BA4271420ED00354894 /* Resources */ = {
			isa = PBXResourcesBuildPhase;
			buildActionMask = 2147483647;
			files = (
			);
			runOnlyForDeploymentPostprocessing = 0;
		};
		B6AB7BAE271420ED00354894 /* Resources */ = {
			isa = PBXResourcesBuildPhase;
			buildActionMask = 2147483647;
			files = (
			);
			runOnlyForDeploymentPostprocessing = 0;
		};
/* End PBXResourcesBuildPhase section */

/* Begin PBXSourcesBuildPhase section */
		B6AB7B8C271420E900354894 /* Sources */ = {
			isa = PBXSourcesBuildPhase;
			buildActionMask = 2147483647;
			files = (
				B6AB7BC527142A9900354894 /* BucketList.xcdatamodeld in Sources */,
				B62BB5302714CCF6006030DA /* AddItemTableViewController.swift in Sources */,
				B6AB7B94271420EA00354894 /* AppDelegate.swift in Sources */,
				B62BB5382714EB4D006030DA /* AddItemTableViewControllerDelegate.swift in Sources */,
				B62BB52E2714C698006030DA /* BucketListViewController.swift in Sources */,
				B6AB7B96271420EA00354894 /* SceneDelegate.swift in Sources */,
			);
			runOnlyForDeploymentPostprocessing = 0;
		};
		B6AB7BA2271420ED00354894 /* Sources */ = {
			isa = PBXSourcesBuildPhase;
			buildActionMask = 2147483647;
			files = (
				B6AB7BAB271420ED00354894 /* tryTests.swift in Sources */,
			);
			runOnlyForDeploymentPostprocessing = 0;
		};
		B6AB7BAC271420ED00354894 /* Sources */ = {
			isa = PBXSourcesBuildPhase;
			buildActionMask = 2147483647;
			files = (
				B6AB7BB7271420ED00354894 /* tryUITestsLaunchTests.swift in Sources */,
				B6AB7BB5271420ED00354894 /* tryUITests.swift in Sources */,
			);
			runOnlyForDeploymentPostprocessing = 0;
		};
/* End PBXSourcesBuildPhase section */

/* Begin PBXTargetDependency section */
		B6AB7BA8271420ED00354894 /* PBXTargetDependency */ = {
			isa = PBXTargetDependency;
			target = B6AB7B8F271420E900354894 /* try */;
			targetProxy = B6AB7BA7271420ED00354894 /* PBXContainerItemProxy */;
		};
		B6AB7BB2271420ED00354894 /* PBXTargetDependency */ = {
			isa = PBXTargetDependency;
			target = B6AB7B8F271420E900354894 /* try */;
			targetProxy = B6AB7BB1271420ED00354894 /* PBXContainerItemProxy */;
		};
/* End PBXTargetDependency section */

/* Begin PBXVariantGroup section */
		B6AB7B99271420EA00354894 /* Main.storyboard */ = {
			isa = PBXVariantGroup;
			children = (
				B6AB7B9A271420EA00354894 /* Base */,
			);
			name = Main.storyboard;
			sourceTree = "<group>";
		};
		B6AB7B9E271420EC00354894 /* LaunchScreen.storyboard */ = {
			isa = PBXVariantGroup;
			children = (
				B6AB7B9F271420EC00354894 /* Base */,
			);
			name = LaunchScreen.storyboard;
			sourceTree = "<group>";
		};
/* End PBXVariantGroup section */

/* Begin XCBuildConfiguration section */
		B6AB7BB8271420ED00354894 /* Debug */ = {
			isa = XCBuildConfiguration;
			buildSettings = {
				ALWAYS_SEARCH_USER_PATHS = NO;
				CLANG_ANALYZER_NONNULL = YES;
				CLANG_ANALYZER_NUMBER_OBJECT_CONVERSION = YES_AGGRESSIVE;
				CLANG_CXX_LANGUAGE_STANDARD = "gnu++17";
				CLANG_CXX_LIBRARY = "libc++";
				CLANG_ENABLE_MODULES = YES;
				CLANG_ENABLE_OBJC_ARC = YES;
				CLANG_ENABLE_OBJC_WEAK = YES;
				CLANG_WARN_BLOCK_CAPTURE_AUTORELEASING = YES;
				CLANG_WARN_BOOL_CONVERSION = YES;
				CLANG_WARN_COMMA = YES;
				CLANG_WARN_CONSTANT_CONVERSION = YES;
				CLANG_WARN_DEPRECATED_OBJC_IMPLEMENTATIONS = YES;
				CLANG_WARN_DIRECT_OBJC_ISA_USAGE = YES_ERROR;
				CLANG_WARN_DOCUMENTATION_COMMENTS = YES;
				CLANG_WARN_EMPTY_BODY = YES;
				CLANG_WARN_ENUM_CONVERSION = YES;
				CLANG_WARN_INFINITE_RECURSION = YES;
				CLANG_WARN_INT_CONVERSION = YES;
				CLANG_WARN_NON_LITERAL_NULL_CONVERSION = YES;
				CLANG_WARN_OBJC_IMPLICIT_RETAIN_SELF = YES;
				CLANG_WARN_OBJC_LITERAL_CONVERSION = YES;
				CLANG_WARN_OBJC_ROOT_CLASS = YES_ERROR;
				CLANG_WARN_QUOTED_INCLUDE_IN_FRAMEWORK_HEADER = YES;
				CLANG_WARN_RANGE_LOOP_ANALYSIS = YES;
				CLANG_WARN_STRICT_PROTOTYPES = YES;
				CLANG_WARN_SUSPICIOUS_MOVE = YES;
				CLANG_WARN_UNGUARDED_AVAILABILITY = YES_AGGRESSIVE;
				CLANG_WARN_UNREACHABLE_CODE = YES;
				CLANG_WARN__DUPLICATE_METHOD_MATCH = YES;
				COPY_PHASE_STRIP = NO;
				DEBUG_INFORMATION_FORMAT = dwarf;
				ENABLE_STRICT_OBJC_MSGSEND = YES;
				ENABLE_TESTABILITY = YES;
				GCC_C_LANGUAGE_STANDARD = gnu11;
				GCC_DYNAMIC_NO_PIC = NO;
				GCC_NO_COMMON_BLOCKS = YES;
				GCC_OPTIMIZATION_LEVEL = 0;
				GCC_PREPROCESSOR_DEFINITIONS = (
					"DEBUG=1",
					"$(inherited)",
				);
				GCC_WARN_64_TO_32_BIT_CONVERSION = YES;
				GCC_WARN_ABOUT_RETURN_TYPE = YES_ERROR;
				GCC_WARN_UNDECLARED_SELECTOR = YES;
				GCC_WARN_UNINITIALIZED_AUTOS = YES_AGGRESSIVE;
				GCC_WARN_UNUSED_FUNCTION = YES;
				GCC_WARN_UNUSED_VARIABLE = YES;
				IPHONEOS_DEPLOYMENT_TARGET = 15.0;
				MTL_ENABLE_DEBUG_INFO = INCLUDE_SOURCE;
				MTL_FAST_MATH = YES;
				ONLY_ACTIVE_ARCH = YES;
				SDKROOT = iphoneos;
				SWIFT_ACTIVE_COMPILATION_CONDITIONS = DEBUG;
				SWIFT_OPTIMIZATION_LEVEL = "-Onone";
			};
			name = Debug;
		};
		B6AB7BB9271420ED00354894 /* Release */ = {
			isa = XCBuildConfiguration;
			buildSettings = {
				ALWAYS_SEARCH_USER_PATHS = NO;
				CLANG_ANALYZER_NONNULL = YES;
				CLANG_ANALYZER_NUMBER_OBJECT_CONVERSION = YES_AGGRESSIVE;
				CLANG_CXX_LANGUAGE_STANDARD = "gnu++17";
				CLANG_CXX_LIBRARY = "libc++";
				CLANG_ENABLE_MODULES = YES;
				CLANG_ENABLE_OBJC_ARC = YES;
				CLANG_ENABLE_OBJC_WEAK = YES;
				CLANG_WARN_BLOCK_CAPTURE_AUTORELEASING = YES;
				CLANG_WARN_BOOL_CONVERSION = YES;
				CLANG_WARN_COMMA = YES;
				CLANG_WARN_CONSTANT_CONVERSION = YES;
				CLANG_WARN_DEPRECATED_OBJC_IMPLEMENTATIONS = YES;
				CLANG_WARN_DIRECT_OBJC_ISA_USAGE = YES_ERROR;
				CLANG_WARN_DOCUMENTATION_COMMENTS = YES;
				CLANG_WARN_EMPTY_BODY = YES;
				CLANG_WARN_ENUM_CONVERSION = YES;
				CLANG_WARN_INFINITE_RECURSION = YES;
				CLANG_WARN_INT_CONVERSION = YES;
				CLANG_WARN_NON_LITERAL_NULL_CONVERSION = YES;
				CLANG_WARN_OBJC_IMPLICIT_RETAIN_SELF = YES;
				CLANG_WARN_OBJC_LITERAL_CONVERSION = YES;
				CLANG_WARN_OBJC_ROOT_CLASS = YES_ERROR;
				CLANG_WARN_QUOTED_INCLUDE_IN_FRAMEWORK_HEADER = YES;
				CLANG_WARN_RANGE_LOOP_ANALYSIS = YES;
				CLANG_WARN_STRICT_PROTOTYPES = YES;
				CLANG_WARN_SUSPICIOUS_MOVE = YES;
				CLANG_WARN_UNGUARDED_AVAILABILITY = YES_AGGRESSIVE;
				CLANG_WARN_UNREACHABLE_CODE = YES;
				CLANG_WARN__DUPLICATE_METHOD_MATCH = YES;
				COPY_PHASE_STRIP = NO;
				DEBUG_INFORMATION_FORMAT = "dwarf-with-dsym";
				ENABLE_NS_ASSERTIONS = NO;
				ENABLE_STRICT_OBJC_MSGSEND = YES;
				GCC_C_LANGUAGE_STANDARD = gnu11;
				GCC_NO_COMMON_BLOCKS = YES;
				GCC_WARN_64_TO_32_BIT_CONVERSION = YES;
				GCC_WARN_ABOUT_RETURN_TYPE = YES_ERROR;
				GCC_WARN_UNDECLARED_SELECTOR = YES;
				GCC_WARN_UNINITIALIZED_AUTOS = YES_AGGRESSIVE;
				GCC_WARN_UNUSED_FUNCTION = YES;
				GCC_WARN_UNUSED_VARIABLE = YES;
				IPHONEOS_DEPLOYMENT_TARGET = 15.0;
				MTL_ENABLE_DEBUG_INFO = NO;
				MTL_FAST_MATH = YES;
				SDKROOT = iphoneos;
				SWIFT_COMPILATION_MODE = wholemodule;
				SWIFT_OPTIMIZATION_LEVEL = "-O";
				VALIDATE_PRODUCT = YES;
			};
			name = Release;
		};
		B6AB7BBB271420ED00354894 /* Debug */ = {
			isa = XCBuildConfiguration;
			buildSettings = {
				ASSETCATALOG_COMPILER_APPICON_NAME = AppIcon;
				ASSETCATALOG_COMPILER_GLOBAL_ACCENT_COLOR_NAME = AccentColor;
				CODE_SIGN_STYLE = Automatic;
				CURRENT_PROJECT_VERSION = 1;
				GENERATE_INFOPLIST_FILE = YES;
				INFOPLIST_FILE = try/Info.plist;
				INFOPLIST_KEY_UIApplicationSupportsIndirectInputEvents = YES;
				INFOPLIST_KEY_UILaunchStoryboardName = LaunchScreen;
				INFOPLIST_KEY_UIMainStoryboardFile = Main;
				INFOPLIST_KEY_UISupportedInterfaceOrientations_iPad = "UIInterfaceOrientationPortrait UIInterfaceOrientationPortraitUpsideDown UIInterfaceOrientationLandscapeLeft UIInterfaceOrientationLandscapeRight";
				INFOPLIST_KEY_UISupportedInterfaceOrientations_iPhone = "UIInterfaceOrientationPortrait UIInterfaceOrientationLandscapeLeft UIInterfaceOrientationLandscapeRight";
				LD_RUNPATH_SEARCH_PATHS = (
					"$(inherited)",
					"@executable_path/Frameworks",
				);
				MARKETING_VERSION = 1.0;
				PRODUCT_BUNDLE_IDENTIFIER = qootAlkulaib.try;
				PRODUCT_NAME = "$(TARGET_NAME)";
				SWIFT_EMIT_LOC_STRINGS = YES;
				SWIFT_VERSION = 5.0;
				TARGETED_DEVICE_FAMILY = "1,2";
			};
			name = Debug;
		};
		B6AB7BBC271420ED00354894 /* Release */ = {
			isa = XCBuildConfiguration;
			buildSettings = {
				ASSETCATALOG_COMPILER_APPICON_NAME = AppIcon;
				ASSETCATALOG_COMPILER_GLOBAL_ACCENT_COLOR_NAME = AccentColor;
				CODE_SIGN_STYLE = Automatic;
				CURRENT_PROJECT_VERSION = 1;
				GENERATE_INFOPLIST_FILE = YES;
				INFOPLIST_FILE = try/Info.plist;
				INFOPLIST_KEY_UIApplicationSupportsIndirectInputEvents = YES;
				INFOPLIST_KEY_UILaunchStoryboardName = LaunchScreen;
				INFOPLIST_KEY_UIMainStoryboardFile = Main;
				INFOPLIST_KEY_UISupportedInterfaceOrientations_iPad = "UIInterfaceOrientationPortrait UIInterfaceOrientationPortraitUpsideDown UIInterfaceOrientationLandscapeLeft UIInterfaceOrientationLandscapeRight";
				INFOPLIST_KEY_UISupportedInterfaceOrientations_iPhone = "UIInterfaceOrientationPortrait UIInterfaceOrientationLandscapeLeft UIInterfaceOrientationLandscapeRight";
				LD_RUNPATH_SEARCH_PATHS = (
					"$(inherited)",
					"@executable_path/Frameworks",
				);
				MARKETING_VERSION = 1.0;
				PRODUCT_BUNDLE_IDENTIFIER = qootAlkulaib.try;
				PRODUCT_NAME = "$(TARGET_NAME)";
				SWIFT_EMIT_LOC_STRINGS = YES;
				SWIFT_VERSION = 5.0;
				TARGETED_DEVICE_FAMILY = "1,2";
			};
			name = Release;
		};
		B6AB7BBE271420ED00354894 /* Debug */ = {
			isa = XCBuildConfiguration;
			buildSettings = {
				ALWAYS_EMBED_SWIFT_STANDARD_LIBRARIES = YES;
				BUNDLE_LOADER = "$(TEST_HOST)";
				CODE_SIGN_STYLE = Automatic;
				CURRENT_PROJECT_VERSION = 1;
				GENERATE_INFOPLIST_FILE = YES;
				IPHONEOS_DEPLOYMENT_TARGET = 15.0;
				LD_RUNPATH_SEARCH_PATHS = (
					"$(inherited)",
					"@executable_path/Frameworks",
					"@loader_path/Frameworks",
				);
				MARKETING_VERSION = 1.0;
				PRODUCT_BUNDLE_IDENTIFIER = qootAlkulaib.tryTests;
				PRODUCT_NAME = "$(TARGET_NAME)";
				SWIFT_EMIT_LOC_STRINGS = NO;
				SWIFT_VERSION = 5.0;
				TARGETED_DEVICE_FAMILY = "1,2";
				TEST_HOST = "$(BUILT_PRODUCTS_DIR)/try.app/try";
			};
			name = Debug;
		};
		B6AB7BBF271420ED00354894 /* Release */ = {
			isa = XCBuildConfiguration;
			buildSettings = {
				ALWAYS_EMBED_SWIFT_STANDARD_LIBRARIES = YES;
				BUNDLE_LOADER = "$(TEST_HOST)";
				CODE_SIGN_STYLE = Automatic;
				CURRENT_PROJECT_VERSION = 1;
				GENERATE_INFOPLIST_FILE = YES;
				IPHONEOS_DEPLOYMENT_TARGET = 15.0;
				LD_RUNPATH_SEARCH_PATHS = (
					"$(inherited)",
					"@executable_path/Frameworks",
					"@loader_path/Frameworks",
				);
				MARKETING_VERSION = 1.0;
				PRODUCT_BUNDLE_IDENTIFIER = qootAlkulaib.tryTests;
				PRODUCT_NAME = "$(TARGET_NAME)";
				SWIFT_EMIT_LOC_STRINGS = NO;
				SWIFT_VERSION = 5.0;
				TARGETED_DEVICE_FAMILY = "1,2";
				TEST_HOST = "$(BUILT_PRODUCTS_DIR)/try.app/try";
			};
			name = Release;
		};
		B6AB7BC1271420ED00354894 /* Debug */ = {
			isa = XCBuildConfiguration;
			buildSettings = {
				ALWAYS_EMBED_SWIFT_STANDARD_LIBRARIES = YES;
				CODE_SIGN_STYLE = Automatic;
				CURRENT_PROJECT_VERSION = 1;
				GENERATE_INFOPLIST_FILE = YES;
				LD_RUNPATH_SEARCH_PATHS = (
					"$(inherited)",
					"@executable_path/Frameworks",
					"@loader_path/Frameworks",
				);
				MARKETING_VERSION = 1.0;
				PRODUCT_BUNDLE_IDENTIFIER = qootAlkulaib.tryUITests;
				PRODUCT_NAME = "$(TARGET_NAME)";
				SWIFT_EMIT_LOC_STRINGS = NO;
				SWIFT_VERSION = 5.0;
				TARGETED_DEVICE_FAMILY = "1,2";
				TEST_TARGET_NAME = try;
			};
			name = Debug;
		};
		B6AB7BC2271420ED00354894 /* Release */ = {
			isa = XCBuildConfiguration;
			buildSettings = {
				ALWAYS_EMBED_SWIFT_STANDARD_LIBRARIES = YES;
				CODE_SIGN_STYLE = Automatic;
				CURRENT_PROJECT_VERSION = 1;
				GENERATE_INFOPLIST_FILE = YES;
				LD_RUNPATH_SEARCH_PATHS = (
					"$(inherited)",
					"@executable_path/Frameworks",
					"@loader_path/Frameworks",
				);
				MARKETING_VERSION = 1.0;
				PRODUCT_BUNDLE_IDENTIFIER = qootAlkulaib.tryUITests;
				PRODUCT_NAME = "$(TARGET_NAME)";
				SWIFT_EMIT_LOC_STRINGS = NO;
				SWIFT_VERSION = 5.0;
				TARGETED_DEVICE_FAMILY = "1,2";
				TEST_TARGET_NAME = try;
			};
			name = Release;
		};
/* End XCBuildConfiguration section */

/* Begin XCConfigurationList section */
		B6AB7B8B271420E900354894 /* Build configuration list for PBXProject "try" */ = {
			isa = XCConfigurationList;
			buildConfigurations = (
				B6AB7BB8271420ED00354894 /* Debug */,
				B6AB7BB9271420ED00354894 /* Release */,
			);
			defaultConfigurationIsVisible = 0;
			defaultConfigurationName = Release;
		};
		B6AB7BBA271420ED00354894 /* Build configuration list for PBXNativeTarget "try" */ = {
			isa = XCConfigurationList;
			buildConfigurations = (
				B6AB7BBB271420ED00354894 /* Debug */,
				B6AB7BBC271420ED00354894 /* Release */,
			);
			defaultConfigurationIsVisible = 0;
			defaultConfigurationName = Release;
		};
		B6AB7BBD271420ED00354894 /* Build configuration list for PBXNativeTarget "tryTests" */ = {
			isa = XCConfigurationList;
			buildConfigurations = (
				B6AB7BBE271420ED00354894 /* Debug */,
				B6AB7BBF271420ED00354894 /* Release */,
			);
			defaultConfigurationIsVisible = 0;
			defaultConfigurationName = Release;
		};
		B6AB7BC0271420ED00354894 /* Build configuration list for PBXNativeTarget "tryUITests" */ = {
			isa = XCConfigurationList;
			buildConfigurations = (
				B6AB7BC1271420ED00354894 /* Debug */,
				B6AB7BC2271420ED00354894 /* Release */,
			);
			defaultConfigurationIsVisible = 0;
			defaultConfigurationName = Release;
		};
/* End XCConfigurationList section */

/* Begin XCVersionGroup section */
		B6AB7BC327142A9900354894 /* BucketList.xcdatamodeld */ = {
			isa = XCVersionGroup;
			children = (
				B6AB7BC427142A9900354894 /* BucketList.xcdatamodel */,
			);
			currentVersion = B6AB7BC427142A9900354894 /* BucketList.xcdatamodel */;
			path = BucketList.xcdatamodeld;
			sourceTree = "<group>";
			versionGroupType = wrapper.xcdatamodel;
		};
/* End XCVersionGroup section */
	};
	rootObject = B6AB7B88271420E900354894 /* Project object */;
}
